PODS:
  - AEXML (3.0.0)
  - MBProgressHUD (0.9.2)

DEPENDENCIES:
  - AEXML
  - MBProgressHUD (~> 0.9.2)

SPEC CHECKSUMS:
  AEXML: 716fb0a8decba4a3517324a71fee3685b30233d2
  MBProgressHUD: 1569cf7ace17a8bac47aabfbb8580a49690386d1

PODFILE CHECKSUM: 76d479e26d282d1f84d3258756df451f003609e9

COCOAPODS: 1.0.1
